
Microsoft Visual Studio Solution File, Format Version 12.00
# Visual Studio Version 16
VisualStudioVersion = 16.0.32413.511
MinimumVisualStudioVersion = 10.0.40219.1
Project("{9A19103F-16F7-4668-BE54-9A1E7A4F7556}") = "EntityFramework.Data", "EntityFramework.Data\EntityFramework.Data.csproj", "{FF3A3AB9-E3EB-4C2D-9C75-C1CA9D8DA189}"
EndProject
Project("{FAE04EC0-301F-11D3-BF4B-00C04F79EFBC}") = "Handler", "Handler\Handler.csproj", "{5F87559F-03F6-4BA9-98FF-B6C54F3FFFDE}"
EndProject
Global
	GlobalSection(SolutionConfigurationPlatforms) = preSolution
		Debug|Any CPU = Debug|Any CPU
		Release|Any CPU = Release|Any CPU
	EndGlobalSection
	GlobalSection(ProjectConfigurationPlatforms) = postSolution
		{FF3A3AB9-E3EB-4C2D-9C75-C1CA9D8DA189}.Debug|Any CPU.ActiveCfg = Debug|Any CPU
		{FF3A3AB9-E3EB-4C2D-9C75-C1CA9D8DA189}.Debug|Any CPU.Build.0 = Debug|Any CPU
		{FF3A3AB9-E3EB-4C2D-9C75-C1CA9D8DA189}.Release|Any CPU.ActiveCfg = Release|Any CPU
		{FF3A3AB9-E3EB-4C2D-9C75-C1CA9D8DA189}.Release|Any CPU.Build.0 = Release|Any CPU
		{5F87559F-03F6-4BA9-98FF-B6C54F3FFFDE}.Debug|Any CPU.ActiveCfg = Debug|Any CPU
		{5F87559F-03F6-4BA9-98FF-B6C54F3FFFDE}.Debug|Any CPU.Build.0 = Debug|Any CPU
		{5F87559F-03F6-4BA9-98FF-B6C54F3FFFDE}.Release|Any CPU.ActiveCfg = Release|Any CPU
		{5F87559F-03F6-4BA9-98FF-B6C54F3FFFDE}.Release|Any CPU.Build.0 = Release|Any CPU
	EndGlobalSection
	GlobalSection(SolutionProperties) = preSolution
		HideSolutionNode = FALSE
	EndGlobalSection
	GlobalSection(ExtensibilityGlobals) = postSolution
		SolutionGuid = {B939BA69-2AB6-405B-8D26-B599E0F7A2D9}
	EndGlobalSection
EndGlobal
